
Microsoft Visual Studio Solution File, Format Version 12.00
# Visual Studio 2013
VisualStudioVersion = 12.0.21005.1
MinimumVisualStudioVersion = 10.0.40219.1
Project("{FAE04EC0-301F-11D3-BF4B-00C04F79EFBC}") = "LLParser", "LLParser\LLParser.csproj", "{8AD19E37-B760-4311-BB5E-2A19192D00B1}"
EndProject
Project("{FAE04EC0-301F-11D3-BF4B-00C04F79EFBC}") = "LLParser.ConsoleApp", "LLParser.ConsoleApp\LLParser.ConsoleApp.csproj", "{A661F18D-DA0E-42CA-957D-B36BC6ED92F3}"
EndProject
Global
	GlobalSection(SolutionConfigurationPlatforms) = preSolution
		Debug|Any CPU = Debug|Any CPU
		Release|Any CPU = Release|Any CPU
	EndGlobalSection
	GlobalSection(ProjectConfigurationPlatforms) = postSolution
		{8AD19E37-B760-4311-BB5E-2A19192D00B1}.Debug|Any CPU.ActiveCfg = Debug|Any CPU
		{8AD19E37-B760-4311-BB5E-2A19192D00B1}.Debug|Any CPU.Build.0 = Debug|Any CPU
		{8AD19E37-B760-4311-BB5E-2A19192D00B1}.Release|Any CPU.ActiveCfg = Release|Any CPU
		{8AD19E37-B760-4311-BB5E-2A19192D00B1}.Release|Any CPU.Build.0 = Release|Any CPU
		{A661F18D-DA0E-42CA-957D-B36BC6ED92F3}.Debug|Any CPU.ActiveCfg = Debug|Any CPU
		{A661F18D-DA0E-42CA-957D-B36BC6ED92F3}.Debug|Any CPU.Build.0 = Debug|Any CPU
		{A661F18D-DA0E-42CA-957D-B36BC6ED92F3}.Release|Any CPU.ActiveCfg = Release|Any CPU
		{A661F18D-DA0E-42CA-957D-B36BC6ED92F3}.Release|Any CPU.Build.0 = Release|Any CPU
	EndGlobalSection
	GlobalSection(SolutionProperties) = preSolution
		HideSolutionNode = FALSE
	EndGlobalSection
EndGlobal
